<?xml version="1.0" encoding="UTF-8"?>
<Scheme
   LastUpgradeVersion = "1430"
   version = "1.7">
   <BuildAction
      parallelizeBuildables = "YES"
      buildImplicitDependencies = "YES"
      runPostActionsOnFailure = "NO">
      <BuildActionEntries>
         <BuildActionEntry
            buildForTesting = "YES"
            buildForRunning = "YES"
            buildForProfiling = "YES"
            buildForArchiving = "YES"
            buildForAnalyzing = "YES">
            <BuildableReference
               BuildableIdentifier = "primary"
               BlueprintIdentifier = "BE046817ABACAE7D20A9C232"
               BuildableName = "Locomate.app"
               BlueprintName = "Locomate"
               ReferencedContainer = "container:Locomate.xcodeproj">
            </BuildableReference>
         </BuildActionEntry>
      </BuildActionEntries>
   </BuildAction>
   <TestAction
      buildConfiguration = "Release"
      selectedDebuggerIdentifier = ""
      selectedLauncherIdentifier = "Xcode.IDEFoundation.Launcher.PosixSpawn"
      shouldUseLaunchSchemeArgsEnv = "NO"
      disableMainThreadChecker = "YES"
      onlyGenerateCoverageForSpecifiedTargets = "NO">
      <MacroExpansion>
         <BuildableReference
            BuildableIdentifier = "primary"
            BlueprintIdentifier = "BE046817ABACAE7D20A9C232"
            BuildableName = "Locomate.app"
            BlueprintName = "Locomate"
            ReferencedContainer = "container:Locomate.xcodeproj">
         </BuildableReference>
      </MacroExpansion>
      <Testables>
         <TestableReference
            skipped = "NO"
            parallelizable = "NO"
            useTestSelectionWhitelist = "YES">
            <BuildableReference
               BuildableIdentifier = "primary"
               BlueprintIdentifier = "37ADA60E2F3FADB15F784A51"
               BuildableName = "LocomateUITests.xctest"
               BlueprintName = "LocomateUITests"
               ReferencedContainer = "container:Locomate.xcodeproj">
            </BuildableReference>
            <SelectedTests>
               <Test
                  Identifier = "PerformanceUITests">
               </Test>
            </SelectedTests>
         </TestableReference>
      </Testables>
      <CommandLineArguments>
      </CommandLineArguments>
      <EnvironmentVariables>
         <EnvironmentVariable
            key = "LOCOMATE_PERFORMANCE_GATEWAY_URL"
            value = "$(LOCOMATE_PERFORMANCE_GATEWAY_URL)"
            isEnabled = "YES">
         </EnvironmentVariable>
         <EnvironmentVariable
            key = "LOCOMATE_PERFORMANCE_MODE"
            value = "$(LOCOMATE_PERFORMANCE_MODE)"
            isEnabled = "YES">
         </EnvironmentVariable>
         <EnvironmentVariable
            key = "LOCOMATE_PERFORMANCE_SERVICE_DATE"
            value = "$(LOCOMATE_PERFORMANCE_SERVICE_DATE)"
            isEnabled = "YES">
         </EnvironmentVariable>
         <EnvironmentVariable
            key = "LOCOMATE_PERFORMANCE_TRAIN_NUMBER"
            value = "$(LOCOMATE_PERFORMANCE_TRAIN_NUMBER)"
            isEnabled = "YES">
         </EnvironmentVariable>
      </EnvironmentVariables>
   </TestAction>
   <LaunchAction
      buildConfiguration = "Release"
      selectedDebuggerIdentifier = ""
      selectedLauncherIdentifier = "Xcode.IDEFoundation.Launcher.PosixSpawn"
      launchStyle = "0"
      useCustomWorkingDirectory = "NO"
      ignoresPersistentStateOnLaunch = "NO"
      debugDocumentVersioning = "YES"
      debugServiceExtension = "internal"
      allowLocationSimulation = "YES">
      <BuildableProductRunnable
         runnableDebuggingMode = "0">
         <BuildableReference
            BuildableIdentifier = "primary"
            BlueprintIdentifier = "BE046817ABACAE7D20A9C232"
            BuildableName = "Locomate.app"
            BlueprintName = "Locomate"
            ReferencedContainer = "container:Locomate.xcodeproj">
         </BuildableReference>
      </BuildableProductRunnable>
      <CommandLineArguments>
      </CommandLineArguments>
   </LaunchAction>
   <ProfileAction
      buildConfiguration = "Release"
      shouldUseLaunchSchemeArgsEnv = "YES"
      savedToolIdentifier = ""
      useCustomWorkingDirectory = "NO"
      debugDocumentVersioning = "YES">
      <BuildableProductRunnable
         runnableDebuggingMode = "0">
         <BuildableReference
            BuildableIdentifier = "primary"
            BlueprintIdentifier = "BE046817ABACAE7D20A9C232"
            BuildableName = "Locomate.app"
            BlueprintName = "Locomate"
            ReferencedContainer = "container:Locomate.xcodeproj">
         </BuildableReference>
      </BuildableProductRunnable>
   </ProfileAction>
   <AnalyzeAction
      buildConfiguration = "Debug">
   </AnalyzeAction>
   <ArchiveAction
      buildConfiguration = "Release"
      revealArchiveInOrganizer = "YES">
   </ArchiveAction>
</Scheme>
