// !$*UTF8*$!
{
	archiveVersion = 1;
	classes = {
	};
	objectVersion = 77;
	objects = {

/* Begin PBXBuildFile section */
		C09B7850A506DF9975A10D83 /* App.swift in Sources */ = {isa = PBXBuildFile; fileRef = 434B48E72F9A66A9CFC45DD6 /* App.swift */; };
		CD39CEE19970F78E7BAA79B6 /* ContrastUITests.swift in Sources */ = {isa = PBXBuildFile; fileRef = 8193CE870E2E8AD1B4CEC7F4 /* ContrastUITests.swift */; };
/* End PBXBuildFile section */

/* Begin PBXContainerItemProxy section */
		ABA81A7C0D39D173E4F54834 /* PBXContainerItemProxy */ = {
			isa = PBXContainerItemProxy;
			containerPortal = C45761F4F77D4F6A9ABE0E96 /* Project object */;
			proxyType = 1;
			remoteGlobalIDString = E52C3D8828882E427CD89B4A;
			remoteInfo = ContrastRepro;
		};
/* End PBXContainerItemProxy section */

/* Begin PBXFileReference section */
		3C2F5FBCBF2B19EB618A2D05 /* ContrastReproUITests.xctest */ = {isa = PBXFileReference; includeInIndex = 0; lastKnownFileType = wrapper.cfbundle; path = ContrastReproUITests.xctest; sourceTree = BUILT_PRODUCTS_DIR; };
		434B48E72F9A66A9CFC45DD6 /* App.swift */ = {isa = PBXFileReference; lastKnownFileType = sourcecode.swift; path = App.swift; sourceTree = "<group>"; };
		6DBF6EB1448D2BC59C92E78F /* ContrastRepro.app */ = {isa = PBXFileReference; includeInIndex = 0; lastKnownFileType = wrapper.application; path = ContrastRepro.app; sourceTree = BUILT_PRODUCTS_DIR; };
		8193CE870E2E8AD1B4CEC7F4 /* ContrastUITests.swift */ = {isa = PBXFileReference; lastKnownFileType = sourcecode.swift; path = ContrastUITests.swift; sourceTree = "<group>"; };
/* End PBXFileReference section */

/* Begin PBXGroup section */
		5880D205BFB04B5E1E82165E /* App */ = {
			isa = PBXGroup;
			children = (
				434B48E72F9A66A9CFC45DD6 /* App.swift */,
			);
			path = App;
			sourceTree = "<group>";
		};
		5AEE0C2B3DD3D5BB12A992FC /* UITests */ = {
			isa = PBXGroup;
			children = (
				8193CE870E2E8AD1B4CEC7F4 /* ContrastUITests.swift */,
			);
			path = UITests;
			sourceTree = "<group>";
		};
		787A419BFCE50784D783A321 = {
			isa = PBXGroup;
			children = (
				5880D205BFB04B5E1E82165E /* App */,
				5AEE0C2B3DD3D5BB12A992FC /* UITests */,
				E836A24A50FE9E553D7ED5FB /* Products */,
			);
			sourceTree = "<group>";
		};
		E836A24A50FE9E553D7ED5FB /* Products */ = {
			isa = PBXGroup;
			children = (
				6DBF6EB1448D2BC59C92E78F /* ContrastRepro.app */,
				3C2F5FBCBF2B19EB618A2D05 /* ContrastReproUITests.xctest */,
			);
			name = Products;
			sourceTree = "<group>";
		};
/* End PBXGroup section */

/* Begin PBXNativeTarget section */
		24DE775AA8AC811C68B2385F /* ContrastReproUITests */ = {
			isa = PBXNativeTarget;
			buildConfigurationList = B5E2440F10EB865596485307 /* Build configuration list for PBXNativeTarget "ContrastReproUITests" */;
			buildPhases = (
				8C3533CCDC6D0D79C2F0F227 /* Sources */,
			);
			buildRules = (
			);
			dependencies = (
				F9F6543DC490144F2AB25EBF /* PBXTargetDependency */,
			);
			name = ContrastReproUITests;
			packageProductDependencies = (
			);
			productName = ContrastReproUITests;
			productReference = 3C2F5FBCBF2B19EB618A2D05 /* ContrastReproUITests.xctest */;
			productType = "com.apple.product-type.bundle.ui-testing";
		};
		E52C3D8828882E427CD89B4A /* ContrastRepro */ = {
			isa = PBXNativeTarget;
			buildConfigurationList = 18EBCAA080CEDF0829FCC5F5 /* Build configuration list for PBXNativeTarget "ContrastRepro" */;
			buildPhases = (
				EF2C3AB2ACA81468F836AB3F /* Sources */,
			);
			buildRules = (
			);
			dependencies = (
			);
			name = ContrastRepro;
			packageProductDependencies = (
			);
			productName = ContrastRepro;
			productReference = 6DBF6EB1448D2BC59C92E78F /* ContrastRepro.app */;
			productType = "com.apple.product-type.application";
		};
/* End PBXNativeTarget section */

/* Begin PBXProject section */
		C45761F4F77D4F6A9ABE0E96 /* Project object */ = {
			isa = PBXProject;
			attributes = {
				BuildIndependentTargetsInParallel = YES;
				LastUpgradeCheck = 1430;
				TargetAttributes = {
					24DE775AA8AC811C68B2385F = {
						TestTargetID = E52C3D8828882E427CD89B4A;
					};
				};
			};
			buildConfigurationList = 563000E95FB8F69245B6A7C3 /* Build configuration list for PBXProject "AccessibilityContrastRepro" */;
			developmentRegion = en;
			hasScannedForEncodings = 0;
			knownRegions = (
				Base,
				en,
			);
			mainGroup = 787A419BFCE50784D783A321;
			minimizedProjectReferenceProxies = 1;
			preferredProjectObjectVersion = 77;
			productRefGroup = E836A24A50FE9E553D7ED5FB /* Products */;
			projectDirPath = "";
			projectRoot = "";
			targets = (
				E52C3D8828882E427CD89B4A /* ContrastRepro */,
				24DE775AA8AC811C68B2385F /* ContrastReproUITests */,
			);
		};
/* End PBXProject section */

/* Begin PBXSourcesBuildPhase section */
		8C3533CCDC6D0D79C2F0F227 /* Sources */ = {
			isa = PBXSourcesBuildPhase;
			buildActionMask = 2147483647;
			files = (
				CD39CEE19970F78E7BAA79B6 /* ContrastUITests.swift in Sources */,
			);
			runOnlyForDeploymentPostprocessing = 0;
		};
		EF2C3AB2ACA81468F836AB3F /* Sources */ = {
			isa = PBXSourcesBuildPhase;
			buildActionMask = 2147483647;
			files = (
				C09B7850A506DF9975A10D83 /* App.swift in Sources */,
			);
			runOnlyForDeploymentPostprocessing = 0;
		};
/* End PBXSourcesBuildPhase section */

/* Begin PBXTargetDependency section */
		F9F6543DC490144F2AB25EBF /* PBXTargetDependency */ = {
			isa = PBXTargetDependency;
			target = E52C3D8828882E427CD89B4A /* ContrastRepro */;
			targetProxy = ABA81A7C0D39D173E4F54834 /* PBXContainerItemProxy */;
		};
/* End PBXTargetDependency section */

/* Begin XCBuildConfiguration section */
		33E535F22AC223439786F254 /* Release */ = {
			isa = XCBuildConfiguration;
			buildSettings = {
				ALWAYS_SEARCH_USER_PATHS = NO;
				CLANG_ANALYZER_NONNULL = YES;
				CLANG_ANALYZER_NUMBER_OBJECT_CONVERSION = YES_AGGRESSIVE;
				CLANG_CXX_LANGUAGE_STANDARD = "gnu++14";
				CLANG_CXX_LIBRARY = "libc++";
				CLANG_ENABLE_MODULES = YES;
				CLANG_ENABLE_OBJC_ARC = YES;
				CLANG_ENABLE_OBJC_WEAK = YES;
				CLANG_WARN_BLOCK_CAPTURE_AUTORELEASING = YES;
				CLANG_WARN_BOOL_CONVERSION = YES;
				CLANG_WARN_COMMA = YES;
				CLANG_WARN_CONSTANT_CONVERSION = YES;
				CLANG_WARN_DEPRECATED_OBJC_IMPLEMENTATIONS = YES;
				CLANG_WARN_DIRECT_OBJC_ISA_USAGE = YES_ERROR;
				CLANG_WARN_DOCUMENTATION_COMMENTS = YES;
				CLANG_WARN_EMPTY_BODY = YES;
				CLANG_WARN_ENUM_CONVERSION = YES;
				CLANG_WARN_INFINITE_RECURSION = YES;
				CLANG_WARN_INT_CONVERSION = YES;
				CLANG_WARN_NON_LITERAL_NULL_CONVERSION = YES;
				CLANG_WARN_OBJC_IMPLICIT_RETAIN_SELF = YES;
				CLANG_WARN_OBJC_LITERAL_CONVERSION = YES;
				CLANG_WARN_OBJC_ROOT_CLASS = YES_ERROR;
				CLANG_WARN_QUOTED_INCLUDE_IN_FRAMEWORK_HEADER = YES;
				CLANG_WARN_RANGE_LOOP_ANALYSIS = YES;
				CLANG_WARN_STRICT_PROTOTYPES = YES;
				CLANG_WARN_SUSPICIOUS_MOVE = YES;
				CLANG_WARN_UNGUARDED_AVAILABILITY = YES_AGGRESSIVE;
				CLANG_WARN_UNREACHABLE_CODE = YES;
				CLANG_WARN__DUPLICATE_METHOD_MATCH = YES;
				CODE_SIGNING_ALLOWED = NO;
				"CODE_SIGNING_ALLOWED[sdk=iphonesimulator*]" = YES;
				"CODE_SIGN_IDENTITY[sdk=iphonesimulator*]" = "-";
				COPY_PHASE_STRIP = NO;
				DEBUG_INFORMATION_FORMAT = "dwarf-with-dsym";
				ENABLE_NS_ASSERTIONS = NO;
				ENABLE_STRICT_OBJC_MSGSEND = YES;
				GCC_C_LANGUAGE_STANDARD = gnu11;
				GCC_NO_COMMON_BLOCKS = YES;
				GCC_WARN_64_TO_32_BIT_CONVERSION = YES;
				GCC_WARN_ABOUT_RETURN_TYPE = YES_ERROR;
				GCC_WARN_UNDECLARED_SELECTOR = YES;
				GCC_WARN_UNINITIALIZED_AUTOS = YES_AGGRESSIVE;
				GCC_WARN_UNUSED_FUNCTION = YES;
				GCC_WARN_UNUSED_VARIABLE = YES;
				IPHONEOS_DEPLOYMENT_TARGET = 17.0;
				MTL_ENABLE_DEBUG_INFO = NO;
				MTL_FAST_MATH = YES;
				PRODUCT_NAME = "$(TARGET_NAME)";
				SDKROOT = iphoneos;
				SWIFT_COMPILATION_MODE = wholemodule;
				SWIFT_OPTIMIZATION_LEVEL = "-O";
				SWIFT_VERSION = 6.0;
			};
			name = Release;
		};
		3B4E640CFD2CF0DC2B776D1A /* Debug */ = {
			isa = XCBuildConfiguration;
			buildSettings = {
				ASSETCATALOG_COMPILER_APPICON_NAME = AppIcon;
				CODE_SIGN_IDENTITY = "iPhone Developer";
				GENERATE_INFOPLIST_FILE = YES;
				INFOPLIST_KEY_UILaunchScreen_Generation = YES;
				LD_RUNPATH_SEARCH_PATHS = (
					"$(inherited)",
					"@executable_path/Frameworks",
				);
				PRODUCT_BUNDLE_IDENTIFIER = com.locomate.diagnostics.contrast;
				SDKROOT = iphoneos;
				TARGETED_DEVICE_FAMILY = "1,2";
			};
			name = Debug;
		};
		7C80622AE81A999617E52C64 /* Release */ = {
			isa = XCBuildConfiguration;
			buildSettings = {
				BUNDLE_LOADER = "$(TEST_HOST)";
				GENERATE_INFOPLIST_FILE = YES;
				LD_RUNPATH_SEARCH_PATHS = (
					"$(inherited)",
					"@executable_path/Frameworks",
					"@loader_path/Frameworks",
				);
				PRODUCT_BUNDLE_IDENTIFIER = com.locomate.diagnostics.contrast.uitests;
				SDKROOT = iphoneos;
				TARGETED_DEVICE_FAMILY = "1,2";
				TEST_TARGET_NAME = ContrastRepro;
			};
			name = Release;
		};
		CE56523A6BA1CC7A9CDF9950 /* Debug */ = {
			isa = XCBuildConfiguration;
			buildSettings = {
				ALWAYS_SEARCH_USER_PATHS = NO;
				CLANG_ANALYZER_NONNULL = YES;
				CLANG_ANALYZER_NUMBER_OBJECT_CONVERSION = YES_AGGRESSIVE;
				CLANG_CXX_LANGUAGE_STANDARD = "gnu++14";
				CLANG_CXX_LIBRARY = "libc++";
				CLANG_ENABLE_MODULES = YES;
				CLANG_ENABLE_OBJC_ARC = YES;
				CLANG_ENABLE_OBJC_WEAK = YES;
				CLANG_WARN_BLOCK_CAPTURE_AUTORELEASING = YES;
				CLANG_WARN_BOOL_CONVERSION = YES;
				CLANG_WARN_COMMA = YES;
				CLANG_WARN_CONSTANT_CONVERSION = YES;
				CLANG_WARN_DEPRECATED_OBJC_IMPLEMENTATIONS = YES;
				CLANG_WARN_DIRECT_OBJC_ISA_USAGE = YES_ERROR;
				CLANG_WARN_DOCUMENTATION_COMMENTS = YES;
				CLANG_WARN_EMPTY_BODY = YES;
				CLANG_WARN_ENUM_CONVERSION = YES;
				CLANG_WARN_INFINITE_RECURSION = YES;
				CLANG_WARN_INT_CONVERSION = YES;
				CLANG_WARN_NON_LITERAL_NULL_CONVERSION = YES;
				CLANG_WARN_OBJC_IMPLICIT_RETAIN_SELF = YES;
				CLANG_WARN_OBJC_LITERAL_CONVERSION = YES;
				CLANG_WARN_OBJC_ROOT_CLASS = YES_ERROR;
				CLANG_WARN_QUOTED_INCLUDE_IN_FRAMEWORK_HEADER = YES;
				CLANG_WARN_RANGE_LOOP_ANALYSIS = YES;
				CLANG_WARN_STRICT_PROTOTYPES = YES;
				CLANG_WARN_SUSPICIOUS_MOVE = YES;
				CLANG_WARN_UNGUARDED_AVAILABILITY = YES_AGGRESSIVE;
				CLANG_WARN_UNREACHABLE_CODE = YES;
				CLANG_WARN__DUPLICATE_METHOD_MATCH = YES;
				CODE_SIGNING_ALLOWED = NO;
				"CODE_SIGNING_ALLOWED[sdk=iphonesimulator*]" = YES;
				"CODE_SIGN_IDENTITY[sdk=iphonesimulator*]" = "-";
				COPY_PHASE_STRIP = NO;
				DEBUG_INFORMATION_FORMAT = dwarf;
				ENABLE_STRICT_OBJC_MSGSEND = YES;
				ENABLE_TESTABILITY = YES;
				GCC_C_LANGUAGE_STANDARD = gnu11;
				GCC_DYNAMIC_NO_PIC = NO;
				GCC_NO_COMMON_BLOCKS = YES;
				GCC_OPTIMIZATION_LEVEL = 0;
				GCC_PREPROCESSOR_DEFINITIONS = (
					"$(inherited)",
					"DEBUG=1",
				);
				GCC_WARN_64_TO_32_BIT_CONVERSION = YES;
				GCC_WARN_ABOUT_RETURN_TYPE = YES_ERROR;
				GCC_WARN_UNDECLARED_SELECTOR = YES;
				GCC_WARN_UNINITIALIZED_AUTOS = YES_AGGRESSIVE;
				GCC_WARN_UNUSED_FUNCTION = YES;
				GCC_WARN_UNUSED_VARIABLE = YES;
				IPHONEOS_DEPLOYMENT_TARGET = 17.0;
				MTL_ENABLE_DEBUG_INFO = INCLUDE_SOURCE;
				MTL_FAST_MATH = YES;
				ONLY_ACTIVE_ARCH = YES;
				PRODUCT_NAME = "$(TARGET_NAME)";
				SDKROOT = iphoneos;
				SWIFT_ACTIVE_COMPILATION_CONDITIONS = DEBUG;
				SWIFT_OPTIMIZATION_LEVEL = "-Onone";
				SWIFT_VERSION = 6.0;
			};
			name = Debug;
		};
		DB3A8F586E5E6A2201DBFDA6 /* Debug */ = {
			isa = XCBuildConfiguration;
			buildSettings = {
				BUNDLE_LOADER = "$(TEST_HOST)";
				GENERATE_INFOPLIST_FILE = YES;
				LD_RUNPATH_SEARCH_PATHS = (
					"$(inherited)",
					"@executable_path/Frameworks",
					"@loader_path/Frameworks",
				);
				PRODUCT_BUNDLE_IDENTIFIER = com.locomate.diagnostics.contrast.uitests;
				SDKROOT = iphoneos;
				TARGETED_DEVICE_FAMILY = "1,2";
				TEST_TARGET_NAME = ContrastRepro;
			};
			name = Debug;
		};
		E1A7AB071D384DAB9095E8A4 /* Release */ = {
			isa = XCBuildConfiguration;
			buildSettings = {
				ASSETCATALOG_COMPILER_APPICON_NAME = AppIcon;
				CODE_SIGN_IDENTITY = "iPhone Developer";
				GENERATE_INFOPLIST_FILE = YES;
				INFOPLIST_KEY_UILaunchScreen_Generation = YES;
				LD_RUNPATH_SEARCH_PATHS = (
					"$(inherited)",
					"@executable_path/Frameworks",
				);
				PRODUCT_BUNDLE_IDENTIFIER = com.locomate.diagnostics.contrast;
				SDKROOT = iphoneos;
				TARGETED_DEVICE_FAMILY = "1,2";
			};
			name = Release;
		};
/* End XCBuildConfiguration section */

/* Begin XCConfigurationList section */
		18EBCAA080CEDF0829FCC5F5 /* Build configuration list for PBXNativeTarget "ContrastRepro" */ = {
			isa = XCConfigurationList;
			buildConfigurations = (
				3B4E640CFD2CF0DC2B776D1A /* Debug */,
				E1A7AB071D384DAB9095E8A4 /* Release */,
			);
			defaultConfigurationIsVisible = 0;
			defaultConfigurationName = Debug;
		};
		563000E95FB8F69245B6A7C3 /* Build configuration list for PBXProject "AccessibilityContrastRepro" */ = {
			isa = XCConfigurationList;
			buildConfigurations = (
				CE56523A6BA1CC7A9CDF9950 /* Debug */,
				33E535F22AC223439786F254 /* Release */,
			);
			defaultConfigurationIsVisible = 0;
			defaultConfigurationName = Debug;
		};
		B5E2440F10EB865596485307 /* Build configuration list for PBXNativeTarget "ContrastReproUITests" */ = {
			isa = XCConfigurationList;
			buildConfigurations = (
				DB3A8F586E5E6A2201DBFDA6 /* Debug */,
				7C80622AE81A999617E52C64 /* Release */,
			);
			defaultConfigurationIsVisible = 0;
			defaultConfigurationName = Debug;
		};
/* End XCConfigurationList section */
	};
	rootObject = C45761F4F77D4F6A9ABE0E96 /* Project object */;
}
